
Microsoft Visual Studio Solution File, Format Version 10.00
# Visual C# Express 2008
Project("{FAE04EC0-301F-11D3-BF4B-00C04F79EFBC}") = "drivermp_serv", "drivermp_serv\drivermp_serv.csproj", "{6A62BC1B-BA7C-4925-B74B-79ABC764AC98}"
EndProject
Project("{FAE04EC0-301F-11D3-BF4B-00C04F79EFBC}") = "drivermp", "drivermp\drivermp.csproj", "{E439CE34-4285-4BB4-8CF0-EA008CFE2B8A}"
EndProject
Global
	GlobalSection(SolutionConfigurationPlatforms) = preSolution
		Debug|Any CPU = Debug|Any CPU
		Release|Any CPU = Release|Any CPU
	EndGlobalSection
	GlobalSection(ProjectConfigurationPlatforms) = postSolution
		{6A62BC1B-BA7C-4925-B74B-79ABC764AC98}.Debug|Any CPU.ActiveCfg = Debug|Any CPU
		{6A62BC1B-BA7C-4925-B74B-79ABC764AC98}.Debug|Any CPU.Build.0 = Debug|Any CPU
		{6A62BC1B-BA7C-4925-B74B-79ABC764AC98}.Release|Any CPU.ActiveCfg = Release|Any CPU
		{6A62BC1B-BA7C-4925-B74B-79ABC764AC98}.Release|Any CPU.Build.0 = Release|Any CPU
		{E439CE34-4285-4BB4-8CF0-EA008CFE2B8A}.Debug|Any CPU.ActiveCfg = Debug|Any CPU
		{E439CE34-4285-4BB4-8CF0-EA008CFE2B8A}.Debug|Any CPU.Build.0 = Debug|Any CPU
		{E439CE34-4285-4BB4-8CF0-EA008CFE2B8A}.Release|Any CPU.ActiveCfg = Release|Any CPU
		{E439CE34-4285-4BB4-8CF0-EA008CFE2B8A}.Release|Any CPU.Build.0 = Release|Any CPU
	EndGlobalSection
	GlobalSection(SolutionProperties) = preSolution
		HideSolutionNode = FALSE
	EndGlobalSection
EndGlobal
